
Microsoft Visual Studio Solution File, Format Version 12.00
# Visual Studio Version 17
VisualStudioVersion = 17.0.31903.59
MinimumVisualStudioVersion = 10.0.40219.1
Project("{2150E333-8FDC-42A3-9474-1A3956D46DE8}") = "src", "src", "{827E0CD3-B72D-47B6-A68D-7590B98EB39B}"
EndProject
Project("{FAE04EC0-301F-11D3-BF4B-00C04F79EFBC}") = "FiscalBridge.Api", "src\FiscalBridge.Api\FiscalBridge.Api.csproj", "{FA568F6E-7638-48DC-BA95-1662980F8FFF}"
EndProject
Project("{FAE04EC0-301F-11D3-BF4B-00C04F79EFBC}") = "FiscalBridge.Application", "src\FiscalBridge.Application\FiscalBridge.Application.csproj", "{EE2A5CF9-7DDD-4D01-8B7F-63DD79FA08C6}"
EndProject
Project("{FAE04EC0-301F-11D3-BF4B-00C04F79EFBC}") = "FiscalBridge.Domain", "src\FiscalBridge.Domain\FiscalBridge.Domain.csproj", "{C880D88B-0862-41DC-A10C-B009542FB48E}"
EndProject
Project("{FAE04EC0-301F-11D3-BF4B-00C04F79EFBC}") = "FiscalBridge.Infrastructure", "src\FiscalBridge.Infrastructure\FiscalBridge.Infrastructure.csproj", "{5A9CF73A-1238-49CC-BB14-2A80AA4FF20E}"
EndProject
Project("{2150E333-8FDC-42A3-9474-1A3956D46DE8}") = "tests", "tests", "{0AB3BF05-4346-4AA6-1389-037BE0695223}"
EndProject
Project("{FAE04EC0-301F-11D3-BF4B-00C04F79EFBC}") = "FiscalBridge.Api.Tests", "tests\FiscalBridge.Api.Tests\FiscalBridge.Api.Tests.csproj", "{661D5511-6D94-4F33-B8FF-6A621194A922}"
EndProject
Global
	GlobalSection(SolutionConfigurationPlatforms) = preSolution
		Debug|Any CPU = Debug|Any CPU
		Debug|x64 = Debug|x64
		Debug|x86 = Debug|x86
		Release|Any CPU = Release|Any CPU
		Release|x64 = Release|x64
		Release|x86 = Release|x86
	EndGlobalSection
	GlobalSection(ProjectConfigurationPlatforms) = postSolution
		{FA568F6E-7638-48DC-BA95-1662980F8FFF}.Debug|Any CPU.ActiveCfg = Debug|Any CPU
		{FA568F6E-7638-48DC-BA95-1662980F8FFF}.Debug|Any CPU.Build.0 = Debug|Any CPU
		{FA568F6E-7638-48DC-BA95-1662980F8FFF}.Debug|x64.ActiveCfg = Debug|Any CPU
		{FA568F6E-7638-48DC-BA95-1662980F8FFF}.Debug|x64.Build.0 = Debug|Any CPU
		{FA568F6E-7638-48DC-BA95-1662980F8FFF}.Debug|x86.ActiveCfg = Debug|Any CPU
		{FA568F6E-7638-48DC-BA95-1662980F8FFF}.Debug|x86.Build.0 = Debug|Any CPU
		{FA568F6E-7638-48DC-BA95-1662980F8FFF}.Release|Any CPU.ActiveCfg = Release|Any CPU
		{FA568F6E-7638-48DC-BA95-1662980F8FFF}.Release|Any CPU.Build.0 = Release|Any CPU
		{FA568F6E-7638-48DC-BA95-1662980F8FFF}.Release|x64.ActiveCfg = Release|Any CPU
		{FA568F6E-7638-48DC-BA95-1662980F8FFF}.Release|x64.Build.0 = Release|Any CPU
		{FA568F6E-7638-48DC-BA95-1662980F8FFF}.Release|x86.ActiveCfg = Release|Any CPU
		{FA568F6E-7638-48DC-BA95-1662980F8FFF}.Release|x86.Build.0 = Release|Any CPU
		{EE2A5CF9-7DDD-4D01-8B7F-63DD79FA08C6}.Debug|Any CPU.ActiveCfg = Debug|Any CPU
		{EE2A5CF9-7DDD-4D01-8B7F-63DD79FA08C6}.Debug|Any CPU.Build.0 = Debug|Any CPU
		{EE2A5CF9-7DDD-4D01-8B7F-63DD79FA08C6}.Debug|x64.ActiveCfg = Debug|Any CPU
		{EE2A5CF9-7DDD-4D01-8B7F-63DD79FA08C6}.Debug|x64.Build.0 = Debug|Any CPU
		{EE2A5CF9-7DDD-4D01-8B7F-63DD79FA08C6}.Debug|x86.ActiveCfg = Debug|Any CPU
		{EE2A5CF9-7DDD-4D01-8B7F-63DD79FA08C6}.Debug|x86.Build.0 = Debug|Any CPU
		{EE2A5CF9-7DDD-4D01-8B7F-63DD79FA08C6}.Release|Any CPU.ActiveCfg = Release|Any CPU
		{EE2A5CF9-7DDD-4D01-8B7F-63DD79FA08C6}.Release|Any CPU.Build.0 = Release|Any CPU
		{EE2A5CF9-7DDD-4D01-8B7F-63DD79FA08C6}.Release|x64.ActiveCfg = Release|Any CPU
		{EE2A5CF9-7DDD-4D01-8B7F-63DD79FA08C6}.Release|x64.Build.0 = Release|Any CPU
		{EE2A5CF9-7DDD-4D01-8B7F-63DD79FA08C6}.Release|x86.ActiveCfg = Release|Any CPU
		{EE2A5CF9-7DDD-4D01-8B7F-63DD79FA08C6}.Release|x86.Build.0 = Release|Any CPU
		{C880D88B-0862-41DC-A10C-B009542FB48E}.Debug|Any CPU.ActiveCfg = Debug|Any CPU
		{C880D88B-0862-41DC-A10C-B009542FB48E}.Debug|Any CPU.Build.0 = Debug|Any CPU
		{C880D88B-0862-41DC-A10C-B009542FB48E}.Debug|x64.ActiveCfg = Debug|Any CPU
		{C880D88B-0862-41DC-A10C-B009542FB48E}.Debug|x64.Build.0 = Debug|Any CPU
		{C880D88B-0862-41DC-A10C-B009542FB48E}.Debug|x86.ActiveCfg = Debug|Any CPU
		{C880D88B-0862-41DC-A10C-B009542FB48E}.Debug|x86.Build.0 = Debug|Any CPU
		{C880D88B-0862-41DC-A10C-B009542FB48E}.Release|Any CPU.ActiveCfg = Release|Any CPU
		{C880D88B-0862-41DC-A10C-B009542FB48E}.Release|Any CPU.Build.0 = Release|Any CPU
		{C880D88B-0862-41DC-A10C-B009542FB48E}.Release|x64.ActiveCfg = Release|Any CPU
		{C880D88B-0862-41DC-A10C-B009542FB48E}.Release|x64.Build.0 = Release|Any CPU
		{C880D88B-0862-41DC-A10C-B009542FB48E}.Release|x86.ActiveCfg = Release|Any CPU
		{C880D88B-0862-41DC-A10C-B009542FB48E}.Release|x86.Build.0 = Release|Any CPU
		{5A9CF73A-1238-49CC-BB14-2A80AA4FF20E}.Debug|Any CPU.ActiveCfg = Debug|Any CPU
		{5A9CF73A-1238-49CC-BB14-2A80AA4FF20E}.Debug|Any CPU.Build.0 = Debug|Any CPU
		{5A9CF73A-1238-49CC-BB14-2A80AA4FF20E}.Debug|x64.ActiveCfg = Debug|Any CPU
		{5A9CF73A-1238-49CC-BB14-2A80AA4FF20E}.Debug|x64.Build.0 = Debug|Any CPU
		{5A9CF73A-1238-49CC-BB14-2A80AA4FF20E}.Debug|x86.ActiveCfg = Debug|Any CPU
		{5A9CF73A-1238-49CC-BB14-2A80AA4FF20E}.Debug|x86.Build.0 = Debug|Any CPU
		{5A9CF73A-1238-49CC-BB14-2A80AA4FF20E}.Release|Any CPU.ActiveCfg = Release|Any CPU
		{5A9CF73A-1238-49CC-BB14-2A80AA4FF20E}.Release|Any CPU.Build.0 = Release|Any CPU
		{5A9CF73A-1238-49CC-BB14-2A80AA4FF20E}.Release|x64.ActiveCfg = Release|Any CPU
		{5A9CF73A-1238-49CC-BB14-2A80AA4FF20E}.Release|x64.Build.0 = Release|Any CPU
		{5A9CF73A-1238-49CC-BB14-2A80AA4FF20E}.Release|x86.ActiveCfg = Release|Any CPU
		{5A9CF73A-1238-49CC-BB14-2A80AA4FF20E}.Release|x86.Build.0 = Release|Any CPU
		{661D5511-6D94-4F33-B8FF-6A621194A922}.Debug|Any CPU.ActiveCfg = Debug|Any CPU
		{661D5511-6D94-4F33-B8FF-6A621194A922}.Debug|Any CPU.Build.0 = Debug|Any CPU
		{661D5511-6D94-4F33-B8FF-6A621194A922}.Debug|x64.ActiveCfg = Debug|Any CPU
		{661D5511-6D94-4F33-B8FF-6A621194A922}.Debug|x64.Build.0 = Debug|Any CPU
		{661D5511-6D94-4F33-B8FF-6A621194A922}.Debug|x86.ActiveCfg = Debug|Any CPU
		{661D5511-6D94-4F33-B8FF-6A621194A922}.Debug|x86.Build.0 = Debug|Any CPU
		{661D5511-6D94-4F33-B8FF-6A621194A922}.Release|Any CPU.ActiveCfg = Release|Any CPU
		{661D5511-6D94-4F33-B8FF-6A621194A922}.Release|Any CPU.Build.0 = Release|Any CPU
		{661D5511-6D94-4F33-B8FF-6A621194A922}.Release|x64.ActiveCfg = Release|Any CPU
		{661D5511-6D94-4F33-B8FF-6A621194A922}.Release|x64.Build.0 = Release|Any CPU
		{661D5511-6D94-4F33-B8FF-6A621194A922}.Release|x86.ActiveCfg = Release|Any CPU
		{661D5511-6D94-4F33-B8FF-6A621194A922}.Release|x86.Build.0 = Release|Any CPU
	EndGlobalSection
	GlobalSection(SolutionProperties) = preSolution
		HideSolutionNode = FALSE
	EndGlobalSection
	GlobalSection(NestedProjects) = preSolution
		{FA568F6E-7638-48DC-BA95-1662980F8FFF} = {827E0CD3-B72D-47B6-A68D-7590B98EB39B}
		{EE2A5CF9-7DDD-4D01-8B7F-63DD79FA08C6} = {827E0CD3-B72D-47B6-A68D-7590B98EB39B}
		{C880D88B-0862-41DC-A10C-B009542FB48E} = {827E0CD3-B72D-47B6-A68D-7590B98EB39B}
		{5A9CF73A-1238-49CC-BB14-2A80AA4FF20E} = {827E0CD3-B72D-47B6-A68D-7590B98EB39B}
		{661D5511-6D94-4F33-B8FF-6A621194A922} = {0AB3BF05-4346-4AA6-1389-037BE0695223}
	EndGlobalSection
EndGlobal
