
Microsoft Visual Studio Solution File, Format Version 12.00
# Visual Studio Version 17
VisualStudioVersion = 17.0.31903.59
MinimumVisualStudioVersion = 10.0.40219.1
Project("{2150E333-8FDC-42A3-9474-1A3956D46DE8}") = "src", "src", "{827E0CD3-B72D-47B6-A68D-7590B98EB39B}"
EndProject
Project("{FAE04EC0-301F-11D3-BF4B-00C04F79EFBC}") = "FiscalBridge.Api", "src\FiscalBridge.Api\FiscalBridge.Api.csproj", "{B6A61076-F44D-4F3E-ABFB-3EBE376A4FAD}"
EndProject
Project("{FAE04EC0-301F-11D3-BF4B-00C04F79EFBC}") = "FiscalBridge.Application", "src\FiscalBridge.Application\FiscalBridge.Application.csproj", "{65A4AB41-5439-46F2-A8A4-69D47FCA3AF6}"
EndProject
Project("{FAE04EC0-301F-11D3-BF4B-00C04F79EFBC}") = "FiscalBridge.Domain", "src\FiscalBridge.Domain\FiscalBridge.Domain.csproj", "{A4E0FDDB-477B-4CF9-992C-5A55EF20C623}"
EndProject
Project("{FAE04EC0-301F-11D3-BF4B-00C04F79EFBC}") = "FiscalBridge.Infrastructure", "src\FiscalBridge.Infrastructure\FiscalBridge.Infrastructure.csproj", "{60AECA68-041D-480C-9295-53598ADC9FB0}"
EndProject
Project("{FAE04EC0-301F-11D3-BF4B-00C04F79EFBC}") = "FiscalBridge.Authority.Soap", "src\FiscalBridge.Authority.Soap\FiscalBridge.Authority.Soap.csproj", "{DFFEE8C5-70F2-41CF-A96C-605E30E1B9C8}"
EndProject
Project("{FAE04EC0-301F-11D3-BF4B-00C04F79EFBC}") = "FiscalBridge.Worker", "src\FiscalBridge.Worker\FiscalBridge.Worker.csproj", "{97051784-510C-47EA-8662-11E5359D1235}"
EndProject
Project("{FAE04EC0-301F-11D3-BF4B-00C04F79EFBC}") = "FiscalBridge.Migrations", "src\FiscalBridge.Migrations\FiscalBridge.Migrations.csproj", "{4547FA81-AE40-44A2-A6D3-0293A61C61C2}"
EndProject
Project("{FAE04EC0-301F-11D3-BF4B-00C04F79EFBC}") = "FiscalBridge.Contracts", "src\FiscalBridge.Contracts\FiscalBridge.Contracts.csproj", "{DF2E2D7E-B065-4F12-93FA-DA4AE11DE658}"
EndProject
Project("{2150E333-8FDC-42A3-9474-1A3956D46DE8}") = "tests", "tests", "{0AB3BF05-4346-4AA6-1389-037BE0695223}"
EndProject
Project("{FAE04EC0-301F-11D3-BF4B-00C04F79EFBC}") = "FiscalBridge.Api.Tests", "tests\FiscalBridge.Api.Tests\FiscalBridge.Api.Tests.csproj", "{BFE5B0AD-F263-4AAA-8DE8-146F09103EE9}"
EndProject
Project("{FAE04EC0-301F-11D3-BF4B-00C04F79EFBC}") = "FiscalBridge.Authority.Soap.Tests", "tests\FiscalBridge.Authority.Soap.Tests\FiscalBridge.Authority.Soap.Tests.csproj", "{A6FACEB2-F677-4C3E-961B-3861D1682031}"
EndProject
Project("{FAE04EC0-301F-11D3-BF4B-00C04F79EFBC}") = "FiscalBridge.Worker.Tests", "tests\FiscalBridge.Worker.Tests\FiscalBridge.Worker.Tests.csproj", "{7BE6D189-364A-4A40-A009-0C9CFAAC8A62}"
EndProject
Project("{FAE04EC0-301F-11D3-BF4B-00C04F79EFBC}") = "FiscalBridge.Contracts.Tests", "tests\FiscalBridge.Contracts.Tests\FiscalBridge.Contracts.Tests.csproj", "{1C1DDA07-0F49-4B6D-AA2E-6951A4A37AE9}"
EndProject
Global
	GlobalSection(SolutionConfigurationPlatforms) = preSolution
		Debug|Any CPU = Debug|Any CPU
		Debug|x64 = Debug|x64
		Debug|x86 = Debug|x86
		Release|Any CPU = Release|Any CPU
		Release|x64 = Release|x64
		Release|x86 = Release|x86
	EndGlobalSection
	GlobalSection(ProjectConfigurationPlatforms) = postSolution
		{B6A61076-F44D-4F3E-ABFB-3EBE376A4FAD}.Debug|Any CPU.ActiveCfg = Debug|Any CPU
		{B6A61076-F44D-4F3E-ABFB-3EBE376A4FAD}.Debug|Any CPU.Build.0 = Debug|Any CPU
		{B6A61076-F44D-4F3E-ABFB-3EBE376A4FAD}.Debug|x64.ActiveCfg = Debug|Any CPU
		{B6A61076-F44D-4F3E-ABFB-3EBE376A4FAD}.Debug|x64.Build.0 = Debug|Any CPU
		{B6A61076-F44D-4F3E-ABFB-3EBE376A4FAD}.Debug|x86.ActiveCfg = Debug|Any CPU
		{B6A61076-F44D-4F3E-ABFB-3EBE376A4FAD}.Debug|x86.Build.0 = Debug|Any CPU
		{B6A61076-F44D-4F3E-ABFB-3EBE376A4FAD}.Release|Any CPU.ActiveCfg = Release|Any CPU
		{B6A61076-F44D-4F3E-ABFB-3EBE376A4FAD}.Release|Any CPU.Build.0 = Release|Any CPU
		{B6A61076-F44D-4F3E-ABFB-3EBE376A4FAD}.Release|x64.ActiveCfg = Release|Any CPU
		{B6A61076-F44D-4F3E-ABFB-3EBE376A4FAD}.Release|x64.Build.0 = Release|Any CPU
		{B6A61076-F44D-4F3E-ABFB-3EBE376A4FAD}.Release|x86.ActiveCfg = Release|Any CPU
		{B6A61076-F44D-4F3E-ABFB-3EBE376A4FAD}.Release|x86.Build.0 = Release|Any CPU
		{65A4AB41-5439-46F2-A8A4-69D47FCA3AF6}.Debug|Any CPU.ActiveCfg = Debug|Any CPU
		{65A4AB41-5439-46F2-A8A4-69D47FCA3AF6}.Debug|Any CPU.Build.0 = Debug|Any CPU
		{65A4AB41-5439-46F2-A8A4-69D47FCA3AF6}.Debug|x64.ActiveCfg = Debug|Any CPU
		{65A4AB41-5439-46F2-A8A4-69D47FCA3AF6}.Debug|x64.Build.0 = Debug|Any CPU
		{65A4AB41-5439-46F2-A8A4-69D47FCA3AF6}.Debug|x86.ActiveCfg = Debug|Any CPU
		{65A4AB41-5439-46F2-A8A4-69D47FCA3AF6}.Debug|x86.Build.0 = Debug|Any CPU
		{65A4AB41-5439-46F2-A8A4-69D47FCA3AF6}.Release|Any CPU.ActiveCfg = Release|Any CPU
		{65A4AB41-5439-46F2-A8A4-69D47FCA3AF6}.Release|Any CPU.Build.0 = Release|Any CPU
		{65A4AB41-5439-46F2-A8A4-69D47FCA3AF6}.Release|x64.ActiveCfg = Release|Any CPU
		{65A4AB41-5439-46F2-A8A4-69D47FCA3AF6}.Release|x64.Build.0 = Release|Any CPU
		{65A4AB41-5439-46F2-A8A4-69D47FCA3AF6}.Release|x86.ActiveCfg = Release|Any CPU
		{65A4AB41-5439-46F2-A8A4-69D47FCA3AF6}.Release|x86.Build.0 = Release|Any CPU
		{A4E0FDDB-477B-4CF9-992C-5A55EF20C623}.Debug|Any CPU.ActiveCfg = Debug|Any CPU
		{A4E0FDDB-477B-4CF9-992C-5A55EF20C623}.Debug|Any CPU.Build.0 = Debug|Any CPU
		{A4E0FDDB-477B-4CF9-992C-5A55EF20C623}.Debug|x64.ActiveCfg = Debug|Any CPU
		{A4E0FDDB-477B-4CF9-992C-5A55EF20C623}.Debug|x64.Build.0 = Debug|Any CPU
		{A4E0FDDB-477B-4CF9-992C-5A55EF20C623}.Debug|x86.ActiveCfg = Debug|Any CPU
		{A4E0FDDB-477B-4CF9-992C-5A55EF20C623}.Debug|x86.Build.0 = Debug|Any CPU
		{A4E0FDDB-477B-4CF9-992C-5A55EF20C623}.Release|Any CPU.ActiveCfg = Release|Any CPU
		{A4E0FDDB-477B-4CF9-992C-5A55EF20C623}.Release|Any CPU.Build.0 = Release|Any CPU
		{A4E0FDDB-477B-4CF9-992C-5A55EF20C623}.Release|x64.ActiveCfg = Release|Any CPU
		{A4E0FDDB-477B-4CF9-992C-5A55EF20C623}.Release|x64.Build.0 = Release|Any CPU
		{A4E0FDDB-477B-4CF9-992C-5A55EF20C623}.Release|x86.ActiveCfg = Release|Any CPU
		{A4E0FDDB-477B-4CF9-992C-5A55EF20C623}.Release|x86.Build.0 = Release|Any CPU
		{60AECA68-041D-480C-9295-53598ADC9FB0}.Debug|Any CPU.ActiveCfg = Debug|Any CPU
		{60AECA68-041D-480C-9295-53598ADC9FB0}.Debug|Any CPU.Build.0 = Debug|Any CPU
		{60AECA68-041D-480C-9295-53598ADC9FB0}.Debug|x64.ActiveCfg = Debug|Any CPU
		{60AECA68-041D-480C-9295-53598ADC9FB0}.Debug|x64.Build.0 = Debug|Any CPU
		{60AECA68-041D-480C-9295-53598ADC9FB0}.Debug|x86.ActiveCfg = Debug|Any CPU
		{60AECA68-041D-480C-9295-53598ADC9FB0}.Debug|x86.Build.0 = Debug|Any CPU
		{60AECA68-041D-480C-9295-53598ADC9FB0}.Release|Any CPU.ActiveCfg = Release|Any CPU
		{60AECA68-041D-480C-9295-53598ADC9FB0}.Release|Any CPU.Build.0 = Release|Any CPU
		{60AECA68-041D-480C-9295-53598ADC9FB0}.Release|x64.ActiveCfg = Release|Any CPU
		{60AECA68-041D-480C-9295-53598ADC9FB0}.Release|x64.Build.0 = Release|Any CPU
		{60AECA68-041D-480C-9295-53598ADC9FB0}.Release|x86.ActiveCfg = Release|Any CPU
		{60AECA68-041D-480C-9295-53598ADC9FB0}.Release|x86.Build.0 = Release|Any CPU
		{DFFEE8C5-70F2-41CF-A96C-605E30E1B9C8}.Debug|Any CPU.ActiveCfg = Debug|Any CPU
		{DFFEE8C5-70F2-41CF-A96C-605E30E1B9C8}.Debug|Any CPU.Build.0 = Debug|Any CPU
		{DFFEE8C5-70F2-41CF-A96C-605E30E1B9C8}.Debug|x64.ActiveCfg = Debug|Any CPU
		{DFFEE8C5-70F2-41CF-A96C-605E30E1B9C8}.Debug|x64.Build.0 = Debug|Any CPU
		{DFFEE8C5-70F2-41CF-A96C-605E30E1B9C8}.Debug|x86.ActiveCfg = Debug|Any CPU
		{DFFEE8C5-70F2-41CF-A96C-605E30E1B9C8}.Debug|x86.Build.0 = Debug|Any CPU
		{DFFEE8C5-70F2-41CF-A96C-605E30E1B9C8}.Release|Any CPU.ActiveCfg = Release|Any CPU
		{DFFEE8C5-70F2-41CF-A96C-605E30E1B9C8}.Release|Any CPU.Build.0 = Release|Any CPU
		{DFFEE8C5-70F2-41CF-A96C-605E30E1B9C8}.Release|x64.ActiveCfg = Release|Any CPU
		{DFFEE8C5-70F2-41CF-A96C-605E30E1B9C8}.Release|x64.Build.0 = Release|Any CPU
		{DFFEE8C5-70F2-41CF-A96C-605E30E1B9C8}.Release|x86.ActiveCfg = Release|Any CPU
		{DFFEE8C5-70F2-41CF-A96C-605E30E1B9C8}.Release|x86.Build.0 = Release|Any CPU
		{97051784-510C-47EA-8662-11E5359D1235}.Debug|Any CPU.ActiveCfg = Debug|Any CPU
		{97051784-510C-47EA-8662-11E5359D1235}.Debug|Any CPU.Build.0 = Debug|Any CPU
		{97051784-510C-47EA-8662-11E5359D1235}.Debug|x64.ActiveCfg = Debug|Any CPU
		{97051784-510C-47EA-8662-11E5359D1235}.Debug|x64.Build.0 = Debug|Any CPU
		{97051784-510C-47EA-8662-11E5359D1235}.Debug|x86.ActiveCfg = Debug|Any CPU
		{97051784-510C-47EA-8662-11E5359D1235}.Debug|x86.Build.0 = Debug|Any CPU
		{97051784-510C-47EA-8662-11E5359D1235}.Release|Any CPU.ActiveCfg = Release|Any CPU
		{97051784-510C-47EA-8662-11E5359D1235}.Release|Any CPU.Build.0 = Release|Any CPU
		{97051784-510C-47EA-8662-11E5359D1235}.Release|x64.ActiveCfg = Release|Any CPU
		{97051784-510C-47EA-8662-11E5359D1235}.Release|x64.Build.0 = Release|Any CPU
		{97051784-510C-47EA-8662-11E5359D1235}.Release|x86.ActiveCfg = Release|Any CPU
		{97051784-510C-47EA-8662-11E5359D1235}.Release|x86.Build.0 = Release|Any CPU
		{4547FA81-AE40-44A2-A6D3-0293A61C61C2}.Debug|Any CPU.ActiveCfg = Debug|Any CPU
		{4547FA81-AE40-44A2-A6D3-0293A61C61C2}.Debug|Any CPU.Build.0 = Debug|Any CPU
		{4547FA81-AE40-44A2-A6D3-0293A61C61C2}.Debug|x64.ActiveCfg = Debug|Any CPU
		{4547FA81-AE40-44A2-A6D3-0293A61C61C2}.Debug|x64.Build.0 = Debug|Any CPU
		{4547FA81-AE40-44A2-A6D3-0293A61C61C2}.Debug|x86.ActiveCfg = Debug|Any CPU
		{4547FA81-AE40-44A2-A6D3-0293A61C61C2}.Debug|x86.Build.0 = Debug|Any CPU
		{4547FA81-AE40-44A2-A6D3-0293A61C61C2}.Release|Any CPU.ActiveCfg = Release|Any CPU
		{4547FA81-AE40-44A2-A6D3-0293A61C61C2}.Release|Any CPU.Build.0 = Release|Any CPU
		{4547FA81-AE40-44A2-A6D3-0293A61C61C2}.Release|x64.ActiveCfg = Release|Any CPU
		{4547FA81-AE40-44A2-A6D3-0293A61C61C2}.Release|x64.Build.0 = Release|Any CPU
		{4547FA81-AE40-44A2-A6D3-0293A61C61C2}.Release|x86.ActiveCfg = Release|Any CPU
		{4547FA81-AE40-44A2-A6D3-0293A61C61C2}.Release|x86.Build.0 = Release|Any CPU
		{DF2E2D7E-B065-4F12-93FA-DA4AE11DE658}.Debug|Any CPU.ActiveCfg = Debug|Any CPU
		{DF2E2D7E-B065-4F12-93FA-DA4AE11DE658}.Debug|Any CPU.Build.0 = Debug|Any CPU
		{DF2E2D7E-B065-4F12-93FA-DA4AE11DE658}.Debug|x64.ActiveCfg = Debug|Any CPU
		{DF2E2D7E-B065-4F12-93FA-DA4AE11DE658}.Debug|x64.Build.0 = Debug|Any CPU
		{DF2E2D7E-B065-4F12-93FA-DA4AE11DE658}.Debug|x86.ActiveCfg = Debug|Any CPU
		{DF2E2D7E-B065-4F12-93FA-DA4AE11DE658}.Debug|x86.Build.0 = Debug|Any CPU
		{DF2E2D7E-B065-4F12-93FA-DA4AE11DE658}.Release|Any CPU.ActiveCfg = Release|Any CPU
		{DF2E2D7E-B065-4F12-93FA-DA4AE11DE658}.Release|Any CPU.Build.0 = Release|Any CPU
		{DF2E2D7E-B065-4F12-93FA-DA4AE11DE658}.Release|x64.ActiveCfg = Release|Any CPU
		{DF2E2D7E-B065-4F12-93FA-DA4AE11DE658}.Release|x64.Build.0 = Release|Any CPU
		{DF2E2D7E-B065-4F12-93FA-DA4AE11DE658}.Release|x86.ActiveCfg = Release|Any CPU
		{DF2E2D7E-B065-4F12-93FA-DA4AE11DE658}.Release|x86.Build.0 = Release|Any CPU
		{BFE5B0AD-F263-4AAA-8DE8-146F09103EE9}.Debug|Any CPU.ActiveCfg = Debug|Any CPU
		{BFE5B0AD-F263-4AAA-8DE8-146F09103EE9}.Debug|Any CPU.Build.0 = Debug|Any CPU
		{BFE5B0AD-F263-4AAA-8DE8-146F09103EE9}.Debug|x64.ActiveCfg = Debug|Any CPU
		{BFE5B0AD-F263-4AAA-8DE8-146F09103EE9}.Debug|x64.Build.0 = Debug|Any CPU
		{BFE5B0AD-F263-4AAA-8DE8-146F09103EE9}.Debug|x86.ActiveCfg = Debug|Any CPU
		{BFE5B0AD-F263-4AAA-8DE8-146F09103EE9}.Debug|x86.Build.0 = Debug|Any CPU
		{BFE5B0AD-F263-4AAA-8DE8-146F09103EE9}.Release|Any CPU.ActiveCfg = Release|Any CPU
		{BFE5B0AD-F263-4AAA-8DE8-146F09103EE9}.Release|Any CPU.Build.0 = Release|Any CPU
		{BFE5B0AD-F263-4AAA-8DE8-146F09103EE9}.Release|x64.ActiveCfg = Release|Any CPU
		{BFE5B0AD-F263-4AAA-8DE8-146F09103EE9}.Release|x64.Build.0 = Release|Any CPU
		{BFE5B0AD-F263-4AAA-8DE8-146F09103EE9}.Release|x86.ActiveCfg = Release|Any CPU
		{BFE5B0AD-F263-4AAA-8DE8-146F09103EE9}.Release|x86.Build.0 = Release|Any CPU
		{A6FACEB2-F677-4C3E-961B-3861D1682031}.Debug|Any CPU.ActiveCfg = Debug|Any CPU
		{A6FACEB2-F677-4C3E-961B-3861D1682031}.Debug|Any CPU.Build.0 = Debug|Any CPU
		{A6FACEB2-F677-4C3E-961B-3861D1682031}.Debug|x64.ActiveCfg = Debug|Any CPU
		{A6FACEB2-F677-4C3E-961B-3861D1682031}.Debug|x64.Build.0 = Debug|Any CPU
		{A6FACEB2-F677-4C3E-961B-3861D1682031}.Debug|x86.ActiveCfg = Debug|Any CPU
		{A6FACEB2-F677-4C3E-961B-3861D1682031}.Debug|x86.Build.0 = Debug|Any CPU
		{A6FACEB2-F677-4C3E-961B-3861D1682031}.Release|Any CPU.ActiveCfg = Release|Any CPU
		{A6FACEB2-F677-4C3E-961B-3861D1682031}.Release|Any CPU.Build.0 = Release|Any CPU
		{A6FACEB2-F677-4C3E-961B-3861D1682031}.Release|x64.ActiveCfg = Release|Any CPU
		{A6FACEB2-F677-4C3E-961B-3861D1682031}.Release|x64.Build.0 = Release|Any CPU
		{A6FACEB2-F677-4C3E-961B-3861D1682031}.Release|x86.ActiveCfg = Release|Any CPU
		{A6FACEB2-F677-4C3E-961B-3861D1682031}.Release|x86.Build.0 = Release|Any CPU
		{7BE6D189-364A-4A40-A009-0C9CFAAC8A62}.Debug|Any CPU.ActiveCfg = Debug|Any CPU
		{7BE6D189-364A-4A40-A009-0C9CFAAC8A62}.Debug|Any CPU.Build.0 = Debug|Any CPU
		{7BE6D189-364A-4A40-A009-0C9CFAAC8A62}.Debug|x64.ActiveCfg = Debug|Any CPU
		{7BE6D189-364A-4A40-A009-0C9CFAAC8A62}.Debug|x64.Build.0 = Debug|Any CPU
		{7BE6D189-364A-4A40-A009-0C9CFAAC8A62}.Debug|x86.ActiveCfg = Debug|Any CPU
		{7BE6D189-364A-4A40-A009-0C9CFAAC8A62}.Debug|x86.Build.0 = Debug|Any CPU
		{7BE6D189-364A-4A40-A009-0C9CFAAC8A62}.Release|Any CPU.ActiveCfg = Release|Any CPU
		{7BE6D189-364A-4A40-A009-0C9CFAAC8A62}.Release|Any CPU.Build.0 = Release|Any CPU
		{7BE6D189-364A-4A40-A009-0C9CFAAC8A62}.Release|x64.ActiveCfg = Release|Any CPU
		{7BE6D189-364A-4A40-A009-0C9CFAAC8A62}.Release|x64.Build.0 = Release|Any CPU
		{7BE6D189-364A-4A40-A009-0C9CFAAC8A62}.Release|x86.ActiveCfg = Release|Any CPU
		{7BE6D189-364A-4A40-A009-0C9CFAAC8A62}.Release|x86.Build.0 = Release|Any CPU
		{1C1DDA07-0F49-4B6D-AA2E-6951A4A37AE9}.Debug|Any CPU.ActiveCfg = Debug|Any CPU
		{1C1DDA07-0F49-4B6D-AA2E-6951A4A37AE9}.Debug|Any CPU.Build.0 = Debug|Any CPU
		{1C1DDA07-0F49-4B6D-AA2E-6951A4A37AE9}.Debug|x64.ActiveCfg = Debug|Any CPU
		{1C1DDA07-0F49-4B6D-AA2E-6951A4A37AE9}.Debug|x64.Build.0 = Debug|Any CPU
		{1C1DDA07-0F49-4B6D-AA2E-6951A4A37AE9}.Debug|x86.ActiveCfg = Debug|Any CPU
		{1C1DDA07-0F49-4B6D-AA2E-6951A4A37AE9}.Debug|x86.Build.0 = Debug|Any CPU
		{1C1DDA07-0F49-4B6D-AA2E-6951A4A37AE9}.Release|Any CPU.ActiveCfg = Release|Any CPU
		{1C1DDA07-0F49-4B6D-AA2E-6951A4A37AE9}.Release|Any CPU.Build.0 = Release|Any CPU
		{1C1DDA07-0F49-4B6D-AA2E-6951A4A37AE9}.Release|x64.ActiveCfg = Release|Any CPU
		{1C1DDA07-0F49-4B6D-AA2E-6951A4A37AE9}.Release|x64.Build.0 = Release|Any CPU
		{1C1DDA07-0F49-4B6D-AA2E-6951A4A37AE9}.Release|x86.ActiveCfg = Release|Any CPU
		{1C1DDA07-0F49-4B6D-AA2E-6951A4A37AE9}.Release|x86.Build.0 = Release|Any CPU
	EndGlobalSection
	GlobalSection(SolutionProperties) = preSolution
		HideSolutionNode = FALSE
	EndGlobalSection
	GlobalSection(NestedProjects) = preSolution
		{B6A61076-F44D-4F3E-ABFB-3EBE376A4FAD} = {827E0CD3-B72D-47B6-A68D-7590B98EB39B}
		{65A4AB41-5439-46F2-A8A4-69D47FCA3AF6} = {827E0CD3-B72D-47B6-A68D-7590B98EB39B}
		{A4E0FDDB-477B-4CF9-992C-5A55EF20C623} = {827E0CD3-B72D-47B6-A68D-7590B98EB39B}
		{60AECA68-041D-480C-9295-53598ADC9FB0} = {827E0CD3-B72D-47B6-A68D-7590B98EB39B}
		{DFFEE8C5-70F2-41CF-A96C-605E30E1B9C8} = {827E0CD3-B72D-47B6-A68D-7590B98EB39B}
		{97051784-510C-47EA-8662-11E5359D1235} = {827E0CD3-B72D-47B6-A68D-7590B98EB39B}
		{4547FA81-AE40-44A2-A6D3-0293A61C61C2} = {827E0CD3-B72D-47B6-A68D-7590B98EB39B}
		{DF2E2D7E-B065-4F12-93FA-DA4AE11DE658} = {827E0CD3-B72D-47B6-A68D-7590B98EB39B}
		{BFE5B0AD-F263-4AAA-8DE8-146F09103EE9} = {0AB3BF05-4346-4AA6-1389-037BE0695223}
		{A6FACEB2-F677-4C3E-961B-3861D1682031} = {0AB3BF05-4346-4AA6-1389-037BE0695223}
		{7BE6D189-364A-4A40-A009-0C9CFAAC8A62} = {0AB3BF05-4346-4AA6-1389-037BE0695223}
		{1C1DDA07-0F49-4B6D-AA2E-6951A4A37AE9} = {0AB3BF05-4346-4AA6-1389-037BE0695223}
	EndGlobalSection
EndGlobal
