
Microsoft Visual Studio Solution File, Format Version 12.00
# Visual Studio Version 17
VisualStudioVersion = 17.0.31903.59
MinimumVisualStudioVersion = 10.0.40219.1
Project("{2150E333-8FDC-42A3-9474-1A3956D46DE8}") = "src", "src", "{827E0CD3-B72D-47B6-A68D-7590B98EB39B}"
EndProject
Project("{FAE04EC0-301F-11D3-BF4B-00C04F79EFBC}") = "FiscalBridge.Authority.Soap", "src\FiscalBridge.Authority.Soap\FiscalBridge.Authority.Soap.csproj", "{BFB34BA6-99A3-4113-A895-FAB7E4261A72}"
EndProject
Project("{2150E333-8FDC-42A3-9474-1A3956D46DE8}") = "tests", "tests", "{0AB3BF05-4346-4AA6-1389-037BE0695223}"
EndProject
Project("{FAE04EC0-301F-11D3-BF4B-00C04F79EFBC}") = "FiscalBridge.Authority.Soap.Tests", "tests\FiscalBridge.Authority.Soap.Tests\FiscalBridge.Authority.Soap.Tests.csproj", "{DA3183DA-69D6-4C1F-8DCD-9DC12B983747}"
EndProject
Global
	GlobalSection(SolutionConfigurationPlatforms) = preSolution
		Debug|Any CPU = Debug|Any CPU
		Debug|x64 = Debug|x64
		Debug|x86 = Debug|x86
		Release|Any CPU = Release|Any CPU
		Release|x64 = Release|x64
		Release|x86 = Release|x86
	EndGlobalSection
	GlobalSection(ProjectConfigurationPlatforms) = postSolution
		{BFB34BA6-99A3-4113-A895-FAB7E4261A72}.Debug|Any CPU.ActiveCfg = Debug|Any CPU
		{BFB34BA6-99A3-4113-A895-FAB7E4261A72}.Debug|Any CPU.Build.0 = Debug|Any CPU
		{BFB34BA6-99A3-4113-A895-FAB7E4261A72}.Debug|x64.ActiveCfg = Debug|Any CPU
		{BFB34BA6-99A3-4113-A895-FAB7E4261A72}.Debug|x64.Build.0 = Debug|Any CPU
		{BFB34BA6-99A3-4113-A895-FAB7E4261A72}.Debug|x86.ActiveCfg = Debug|Any CPU
		{BFB34BA6-99A3-4113-A895-FAB7E4261A72}.Debug|x86.Build.0 = Debug|Any CPU
		{BFB34BA6-99A3-4113-A895-FAB7E4261A72}.Release|Any CPU.ActiveCfg = Release|Any CPU
		{BFB34BA6-99A3-4113-A895-FAB7E4261A72}.Release|Any CPU.Build.0 = Release|Any CPU
		{BFB34BA6-99A3-4113-A895-FAB7E4261A72}.Release|x64.ActiveCfg = Release|Any CPU
		{BFB34BA6-99A3-4113-A895-FAB7E4261A72}.Release|x64.Build.0 = Release|Any CPU
		{BFB34BA6-99A3-4113-A895-FAB7E4261A72}.Release|x86.ActiveCfg = Release|Any CPU
		{BFB34BA6-99A3-4113-A895-FAB7E4261A72}.Release|x86.Build.0 = Release|Any CPU
		{DA3183DA-69D6-4C1F-8DCD-9DC12B983747}.Debug|Any CPU.ActiveCfg = Debug|Any CPU
		{DA3183DA-69D6-4C1F-8DCD-9DC12B983747}.Debug|Any CPU.Build.0 = Debug|Any CPU
		{DA3183DA-69D6-4C1F-8DCD-9DC12B983747}.Debug|x64.ActiveCfg = Debug|Any CPU
		{DA3183DA-69D6-4C1F-8DCD-9DC12B983747}.Debug|x64.Build.0 = Debug|Any CPU
		{DA3183DA-69D6-4C1F-8DCD-9DC12B983747}.Debug|x86.ActiveCfg = Debug|Any CPU
		{DA3183DA-69D6-4C1F-8DCD-9DC12B983747}.Debug|x86.Build.0 = Debug|Any CPU
		{DA3183DA-69D6-4C1F-8DCD-9DC12B983747}.Release|Any CPU.ActiveCfg = Release|Any CPU
		{DA3183DA-69D6-4C1F-8DCD-9DC12B983747}.Release|Any CPU.Build.0 = Release|Any CPU
		{DA3183DA-69D6-4C1F-8DCD-9DC12B983747}.Release|x64.ActiveCfg = Release|Any CPU
		{DA3183DA-69D6-4C1F-8DCD-9DC12B983747}.Release|x64.Build.0 = Release|Any CPU
		{DA3183DA-69D6-4C1F-8DCD-9DC12B983747}.Release|x86.ActiveCfg = Release|Any CPU
		{DA3183DA-69D6-4C1F-8DCD-9DC12B983747}.Release|x86.Build.0 = Release|Any CPU
	EndGlobalSection
	GlobalSection(SolutionProperties) = preSolution
		HideSolutionNode = FALSE
	EndGlobalSection
	GlobalSection(NestedProjects) = preSolution
		{BFB34BA6-99A3-4113-A895-FAB7E4261A72} = {827E0CD3-B72D-47B6-A68D-7590B98EB39B}
		{DA3183DA-69D6-4C1F-8DCD-9DC12B983747} = {0AB3BF05-4346-4AA6-1389-037BE0695223}
	EndGlobalSection
EndGlobal
