
Microsoft Visual Studio Solution File, Format Version 12.00
# Visual Studio Version 17
VisualStudioVersion = 17.0.31903.59
MinimumVisualStudioVersion = 10.0.40219.1
Project("{2150E333-8FDC-42A3-9474-1A3956D46DE8}") = "src", "src", "{827E0CD3-B72D-47B6-A68D-7590B98EB39B}"
EndProject
Project("{FAE04EC0-301F-11D3-BF4B-00C04F79EFBC}") = "FiscalBridge.Contracts", "src\FiscalBridge.Contracts\FiscalBridge.Contracts.csproj", "{CA19F764-CDA8-49CA-AC43-55E11C42E796}"
EndProject
Project("{2150E333-8FDC-42A3-9474-1A3956D46DE8}") = "tests", "tests", "{0AB3BF05-4346-4AA6-1389-037BE0695223}"
EndProject
Project("{FAE04EC0-301F-11D3-BF4B-00C04F79EFBC}") = "FiscalBridge.Contracts.Tests", "tests\FiscalBridge.Contracts.Tests\FiscalBridge.Contracts.Tests.csproj", "{DBBF3027-865D-49E9-A61A-A4D2732E3973}"
EndProject
Global
	GlobalSection(SolutionConfigurationPlatforms) = preSolution
		Debug|Any CPU = Debug|Any CPU
		Debug|x64 = Debug|x64
		Debug|x86 = Debug|x86
		Release|Any CPU = Release|Any CPU
		Release|x64 = Release|x64
		Release|x86 = Release|x86
	EndGlobalSection
	GlobalSection(ProjectConfigurationPlatforms) = postSolution
		{CA19F764-CDA8-49CA-AC43-55E11C42E796}.Debug|Any CPU.ActiveCfg = Debug|Any CPU
		{CA19F764-CDA8-49CA-AC43-55E11C42E796}.Debug|Any CPU.Build.0 = Debug|Any CPU
		{CA19F764-CDA8-49CA-AC43-55E11C42E796}.Debug|x64.ActiveCfg = Debug|Any CPU
		{CA19F764-CDA8-49CA-AC43-55E11C42E796}.Debug|x64.Build.0 = Debug|Any CPU
		{CA19F764-CDA8-49CA-AC43-55E11C42E796}.Debug|x86.ActiveCfg = Debug|Any CPU
		{CA19F764-CDA8-49CA-AC43-55E11C42E796}.Debug|x86.Build.0 = Debug|Any CPU
		{CA19F764-CDA8-49CA-AC43-55E11C42E796}.Release|Any CPU.ActiveCfg = Release|Any CPU
		{CA19F764-CDA8-49CA-AC43-55E11C42E796}.Release|Any CPU.Build.0 = Release|Any CPU
		{CA19F764-CDA8-49CA-AC43-55E11C42E796}.Release|x64.ActiveCfg = Release|Any CPU
		{CA19F764-CDA8-49CA-AC43-55E11C42E796}.Release|x64.Build.0 = Release|Any CPU
		{CA19F764-CDA8-49CA-AC43-55E11C42E796}.Release|x86.ActiveCfg = Release|Any CPU
		{CA19F764-CDA8-49CA-AC43-55E11C42E796}.Release|x86.Build.0 = Release|Any CPU
		{DBBF3027-865D-49E9-A61A-A4D2732E3973}.Debug|Any CPU.ActiveCfg = Debug|Any CPU
		{DBBF3027-865D-49E9-A61A-A4D2732E3973}.Debug|Any CPU.Build.0 = Debug|Any CPU
		{DBBF3027-865D-49E9-A61A-A4D2732E3973}.Debug|x64.ActiveCfg = Debug|Any CPU
		{DBBF3027-865D-49E9-A61A-A4D2732E3973}.Debug|x64.Build.0 = Debug|Any CPU
		{DBBF3027-865D-49E9-A61A-A4D2732E3973}.Debug|x86.ActiveCfg = Debug|Any CPU
		{DBBF3027-865D-49E9-A61A-A4D2732E3973}.Debug|x86.Build.0 = Debug|Any CPU
		{DBBF3027-865D-49E9-A61A-A4D2732E3973}.Release|Any CPU.ActiveCfg = Release|Any CPU
		{DBBF3027-865D-49E9-A61A-A4D2732E3973}.Release|Any CPU.Build.0 = Release|Any CPU
		{DBBF3027-865D-49E9-A61A-A4D2732E3973}.Release|x64.ActiveCfg = Release|Any CPU
		{DBBF3027-865D-49E9-A61A-A4D2732E3973}.Release|x64.Build.0 = Release|Any CPU
		{DBBF3027-865D-49E9-A61A-A4D2732E3973}.Release|x86.ActiveCfg = Release|Any CPU
		{DBBF3027-865D-49E9-A61A-A4D2732E3973}.Release|x86.Build.0 = Release|Any CPU
	EndGlobalSection
	GlobalSection(SolutionProperties) = preSolution
		HideSolutionNode = FALSE
	EndGlobalSection
	GlobalSection(NestedProjects) = preSolution
		{CA19F764-CDA8-49CA-AC43-55E11C42E796} = {827E0CD3-B72D-47B6-A68D-7590B98EB39B}
		{DBBF3027-865D-49E9-A61A-A4D2732E3973} = {0AB3BF05-4346-4AA6-1389-037BE0695223}
	EndGlobalSection
EndGlobal
